
Microsoft Visual Studio Solution File, Format Version 12.00
# Visual Studio Version 16
VisualStudioVersion = 16.0.30002.166
MinimumVisualStudioVersion = 10.0.40219.1
Project("{FAE04EC0-301F-11D3-BF4B-00C04F79EFBC}") = "TagIT", "TagIT.csproj", "{223C9B5D-693C-4D60-BE6E-504C8491FE82}"
EndProject
Global
	GlobalSection(SolutionConfigurationPlatforms) = preSolution
		Debug|Any CPU = Debug|Any CPU
		Release|Any CPU = Release|Any CPU
	EndGlobalSection
	GlobalSection(ProjectConfigurationPlatforms) = postSolution
		{223C9B5D-693C-4D60-BE6E-504C8491FE82}.Debug|Any CPU.ActiveCfg = Debug|Any CPU
		{223C9B5D-693C-4D60-BE6E-504C8491FE82}.Debug|Any CPU.Build.0 = Debug|Any CPU
		{223C9B5D-693C-4D60-BE6E-504C8491FE82}.Release|Any CPU.ActiveCfg = Release|Any CPU
		{223C9B5D-693C-4D60-BE6E-504C8491FE82}.Release|Any CPU.Build.0 = Release|Any CPU
	EndGlobalSection
	GlobalSection(SolutionProperties) = preSolution
		HideSolutionNode = FALSE
	EndGlobalSection
	GlobalSection(ExtensibilityGlobals) = postSolution
		SolutionGuid = {2FCD1EB8-7180-40A4-8118-D62A0525BAF4}
	EndGlobalSection
EndGlobal
